// !$*UTF8*$!
{
	archiveVersion = 1;
	classes = {
	};
	objectVersion = 56;
	objects = {

/* Begin PBXBuildFile section */
		3A6DBABA2AAF88790015FCD7 /* GoogleService-Info.plist in Resources */ = {isa = PBXBuildFile; fileRef = 3A6DBAB92AAF88790015FCD7 /* GoogleService-Info.plist */; };
		3A6DBABD2AAF8A760015FCD7 /* FirebaseAuth in Frameworks */ = {isa = PBXBuildFile; productRef = 3A6DBABC2AAF8A760015FCD7 /* FirebaseAuth */; };
		3A6DBABF2AAF8A760015FCD7 /* FirebaseFirestore in Frameworks */ = {isa = PBXBuildFile; productRef = 3A6DBABE2AAF8A760015FCD7 /* FirebaseFirestore */; };
		3A6DBAC12AAF8A760015FCD7 /* FirebaseStorage in Frameworks */ = {isa = PBXBuildFile; productRef = 3A6DBAC02AAF8A760015FCD7 /* FirebaseStorage */; };
		3A6DBAC52AAF8C3F0015FCD7 /* AuthService.swift in Sources */ = {isa = PBXBuildFile; fileRef = 3A6DBAC42AAF8C3F0015FCD7 /* AuthService.swift */; };
		3A6DBACD2AAF958A0015FCD7 /* LoginViewController.swift in Sources */ = {isa = PBXBuildFile; fileRef = 3A6DBACC2AAF958A0015FCD7 /* LoginViewController.swift */; };
		3A6DBACF2AAF9B940015FCD7 /* LoginView.swift in Sources */ = {isa = PBXBuildFile; fileRef = 3A6DBACE2AAF9B940015FCD7 /* LoginView.swift */; };
		3A6DBAD22AAFB1020015FCD7 /* LoginViewModel.swift in Sources */ = {isa = PBXBuildFile; fileRef = 3A6DBAD12AAFB1020015FCD7 /* LoginViewModel.swift */; };
		3A6DBAD42AAFC3550015FCD7 /* UserRequestModel.swift in Sources */ = {isa = PBXBuildFile; fileRef = 3A6DBAD32AAFC3550015FCD7 /* UserRequestModel.swift */; };
		3A7B88AE2AAA59A800A02EB3 /* AppDelegate.swift in Sources */ = {isa = PBXBuildFile; fileRef = 3A7B88AD2AAA59A800A02EB3 /* AppDelegate.swift */; };
		3A7B88B02AAA59A800A02EB3 /* SceneDelegate.swift in Sources */ = {isa = PBXBuildFile; fileRef = 3A7B88AF2AAA59A800A02EB3 /* SceneDelegate.swift */; };
		3A7B88B72AAA59A800A02EB3 /* Assets.xcassets in Resources */ = {isa = PBXBuildFile; fileRef = 3A7B88B62AAA59A800A02EB3 /* Assets.xcassets */; };
		3A7B88BA2AAA59A800A02EB3 /* LaunchScreen.storyboard in Resources */ = {isa = PBXBuildFile; fileRef = 3A7B88B82AAA59A800A02EB3 /* LaunchScreen.storyboard */; };
		3A7B88C92AAA5A4100A02EB3 /* UIFontExtension.swift in Sources */ = {isa = PBXBuildFile; fileRef = 3A7B88C82AAA5A4100A02EB3 /* UIFontExtension.swift */; };
		3A7B88CB2AAA5A6A00A02EB3 /* NewYork.ttf in Resources */ = {isa = PBXBuildFile; fileRef = 3A7B88CA2AAA5A6A00A02EB3 /* NewYork.ttf */; };
		3A7B88CD2AAA5ABA00A02EB3 /* TabBarController.swift in Sources */ = {isa = PBXBuildFile; fileRef = 3A7B88CC2AAA5ABA00A02EB3 /* TabBarController.swift */; };
		3A7B88CF2AAA5AD000A02EB3 /* NewsViewController.swift in Sources */ = {isa = PBXBuildFile; fileRef = 3A7B88CE2AAA5AD000A02EB3 /* NewsViewController.swift */; };
		3A7B88D12AAA5AD700A02EB3 /* BookmarksViewController.swift in Sources */ = {isa = PBXBuildFile; fileRef = 3A7B88D02AAA5AD700A02EB3 /* BookmarksViewController.swift */; };
		3A7B88D32AAA5ADF00A02EB3 /* ProfileViewController.swift in Sources */ = {isa = PBXBuildFile; fileRef = 3A7B88D22AAA5ADF00A02EB3 /* ProfileViewController.swift */; };
		3A958CB82ABB5A60006E1B29 /* BookmarksCollectionViewCell.swift in Sources */ = {isa = PBXBuildFile; fileRef = 3A958CB72ABB5A60006E1B29 /* BookmarksCollectionViewCell.swift */; };
		3A958CBA2ABC93CF006E1B29 /* OnboardingViewController.swift in Sources */ = {isa = PBXBuildFile; fileRef = 3A958CB92ABC93CF006E1B29 /* OnboardingViewController.swift */; };
		3A958CC12ABC9B3B006E1B29 /* PageViewController.swift in Sources */ = {isa = PBXBuildFile; fileRef = 3A958CC02ABC9B3B006E1B29 /* PageViewController.swift */; };
		3AA9E04D2AB8E6CA00096FBF /* NetworkLoader.swift in Sources */ = {isa = PBXBuildFile; fileRef = 3AA9E04C2AB8E6CA00096FBF /* NetworkLoader.swift */; };
		3AA9E04F2AB8E6E200096FBF /* NetworkLoaderProtocol.swift in Sources */ = {isa = PBXBuildFile; fileRef = 3AA9E04E2AB8E6E200096FBF /* NetworkLoaderProtocol.swift */; };
		3AA9E0512AB8E70800096FBF /* URLSessionProtocol.swift in Sources */ = {isa = PBXBuildFile; fileRef = 3AA9E0502AB8E70800096FBF /* URLSessionProtocol.swift */; };
		3AA9E0532AB8E72100096FBF /* NetworkLoaderProvider.swift in Sources */ = {isa = PBXBuildFile; fileRef = 3AA9E0522AB8E72100096FBF /* NetworkLoaderProvider.swift */; };
		3AA9E0552AB8E74300096FBF /* BaseServiceProtocol.swift in Sources */ = {isa = PBXBuildFile; fileRef = 3AA9E0542AB8E74300096FBF /* BaseServiceProtocol.swift */; };
		3AA9E0572AB8E79700096FBF /* HTTPStatus.swift in Sources */ = {isa = PBXBuildFile; fileRef = 3AA9E0562AB8E79700096FBF /* HTTPStatus.swift */; };
		3AA9E0592AB8E7AC00096FBF /* RequestObject.swift in Sources */ = {isa = PBXBuildFile; fileRef = 3AA9E0582AB8E7AC00096FBF /* RequestObject.swift */; };
		3AA9E05B2AB8E7CF00096FBF /* ErrorResponse.swift in Sources */ = {isa = PBXBuildFile; fileRef = 3AA9E05A2AB8E7CF00096FBF /* ErrorResponse.swift */; };
		3AA9E05D2AB8E7FD00096FBF /* NewsError.swift in Sources */ = {isa = PBXBuildFile; fileRef = 3AA9E05C2AB8E7FD00096FBF /* NewsError.swift */; };
		3AA9E05F2AB8E87200096FBF /* EncodableExtension.swift in Sources */ = {isa = PBXBuildFile; fileRef = 3AA9E05E2AB8E87200096FBF /* EncodableExtension.swift */; };
		3AA9E0682AB8EE1800096FBF /* NewsResponseModel.swift in Sources */ = {isa = PBXBuildFile; fileRef = 3AA9E0672AB8EE1800096FBF /* NewsResponseModel.swift */; };
		3AA9E06A2AB8EE9000096FBF /* TopHeadlinesEndpoint.swift in Sources */ = {isa = PBXBuildFile; fileRef = 3AA9E0692AB8EE9000096FBF /* TopHeadlinesEndpoint.swift */; };
		3AA9E06C2AB8F13F00096FBF /* SearchService.swift in Sources */ = {isa = PBXBuildFile; fileRef = 3AA9E06B2AB8F13F00096FBF /* SearchService.swift */; };
		3AA9E06E2AB8F1C800096FBF /* TopHeadlinesService.swift in Sources */ = {isa = PBXBuildFile; fileRef = 3AA9E06D2AB8F1C800096FBF /* TopHeadlinesService.swift */; };
		3AA9E0702AB8F53300096FBF /* DateFormatterExtension.swift in Sources */ = {isa = PBXBuildFile; fileRef = 3AA9E06F2AB8F53300096FBF /* DateFormatterExtension.swift */; };
		3AA9E0732AB910D800096FBF /* NewsView.swift in Sources */ = {isa = PBXBuildFile; fileRef = 3AA9E0722AB910D800096FBF /* NewsView.swift */; };
		3AA9E0752AB9F73800096FBF /* NewsViewModel.swift in Sources */ = {isa = PBXBuildFile; fileRef = 3AA9E0742AB9F73800096FBF /* NewsViewModel.swift */; };
		3AA9E0772AB9F96800096FBF /* NewsCollectionViewCell.swift in Sources */ = {isa = PBXBuildFile; fileRef = 3AA9E0762AB9F96800096FBF /* NewsCollectionViewCell.swift */; };
		3AA9E07A2ABA1E4D00096FBF /* ImageManager.swift in Sources */ = {isa = PBXBuildFile; fileRef = 3AA9E0792ABA1E4D00096FBF /* ImageManager.swift */; };
		3AA9E07E2ABA37F700096FBF /* NewsDetailView.swift in Sources */ = {isa = PBXBuildFile; fileRef = 3AA9E07D2ABA37F700096FBF /* NewsDetailView.swift */; };
		3AA9E0802ABA38EB00096FBF /* NewsDetailViewModel.swift in Sources */ = {isa = PBXBuildFile; fileRef = 3AA9E07F2ABA38EB00096FBF /* NewsDetailViewModel.swift */; };
		3AA9E0822ABA3B3400096FBF /* NewsDetailViewController.swift in Sources */ = {isa = PBXBuildFile; fileRef = 3AA9E0812ABA3B3400096FBF /* NewsDetailViewController.swift */; };
		3AA9E0862ABA532700096FBF /* BookmarksView.swift in Sources */ = {isa = PBXBuildFile; fileRef = 3AA9E0852ABA532700096FBF /* BookmarksView.swift */; };
		3AA9E0882ABA534200096FBF /* ProfileView.swift in Sources */ = {isa = PBXBuildFile; fileRef = 3AA9E0872ABA534200096FBF /* ProfileView.swift */; };
		3AA9E08C2ABA536C00096FBF /* BookmarksViewModel.swift in Sources */ = {isa = PBXBuildFile; fileRef = 3AA9E08B2ABA536C00096FBF /* BookmarksViewModel.swift */; };
		3AA9E08E2ABA537D00096FBF /* ProfileViewModel.swift in Sources */ = {isa = PBXBuildFile; fileRef = 3AA9E08D2ABA537D00096FBF /* ProfileViewModel.swift */; };
		3AA9E0902ABA642200096FBF /* NewsDetailTableViewCell.swift in Sources */ = {isa = PBXBuildFile; fileRef = 3AA9E08F2ABA642200096FBF /* NewsDetailTableViewCell.swift */; };
		3AC28FEF2AB4C180005CBDAB /* RegisterViewController.swift in Sources */ = {isa = PBXBuildFile; fileRef = 3AC28FEE2AB4C180005CBDAB /* RegisterViewController.swift */; };
		3AC28FF22AB4CB07005CBDAB /* RegisterView.swift in Sources */ = {isa = PBXBuildFile; fileRef = 3AC28FF12AB4CB07005CBDAB /* RegisterView.swift */; };
		3AC28FF42AB4CB18005CBDAB /* RegisterViewModel.swift in Sources */ = {isa = PBXBuildFile; fileRef = 3AC28FF32AB4CB18005CBDAB /* RegisterViewModel.swift */; };
		3AC28FF72AB4D333005CBDAB /* Configuration.swift in Sources */ = {isa = PBXBuildFile; fileRef = 3AC28FF62AB4D333005CBDAB /* Configuration.swift */; };
		3AC28FF92AB4D33B005CBDAB /* ConfigurationProtocol.swift in Sources */ = {isa = PBXBuildFile; fileRef = 3AC28FF82AB4D33B005CBDAB /* ConfigurationProtocol.swift */; };
		3AC28FFC2AB4D400005CBDAB /* TargetEndpointProtocol.swift in Sources */ = {isa = PBXBuildFile; fileRef = 3AC28FFB2AB4D400005CBDAB /* TargetEndpointProtocol.swift */; };
		3AC28FFE2AB4D437005CBDAB /* BaseEndpoint.swift in Sources */ = {isa = PBXBuildFile; fileRef = 3AC28FFD2AB4D437005CBDAB /* BaseEndpoint.swift */; };
		3AC290002AB4D4D6005CBDAB /* SearchEndpoint.swift in Sources */ = {isa = PBXBuildFile; fileRef = 3AC28FFF2AB4D4D6005CBDAB /* SearchEndpoint.swift */; };
/* End PBXBuildFile section */

/* Begin PBXFileReference section */
		3A6DBAB92AAF88790015FCD7 /* GoogleService-Info.plist */ = {isa = PBXFileReference; fileEncoding = 4; lastKnownFileType = text.plist.xml; path = "GoogleService-Info.plist"; sourceTree = "<group>"; };
		3A6DBAC42AAF8C3F0015FCD7 /* AuthService.swift */ = {isa = PBXFileReference; lastKnownFileType = sourcecode.swift; path = AuthService.swift; sourceTree = "<group>"; };
		3A6DBACC2AAF958A0015FCD7 /* LoginViewController.swift */ = {isa = PBXFileReference; lastKnownFileType = sourcecode.swift; path = LoginViewController.swift; sourceTree = "<group>"; };
		3A6DBACE2AAF9B940015FCD7 /* LoginView.swift */ = {isa = PBXFileReference; lastKnownFileType = sourcecode.swift; path = LoginView.swift; sourceTree = "<group>"; };
		3A6DBAD12AAFB1020015FCD7 /* LoginViewModel.swift */ = {isa = PBXFileReference; lastKnownFileType = sourcecode.swift; path = LoginViewModel.swift; sourceTree = "<group>"; };
		3A6DBAD32AAFC3550015FCD7 /* UserRequestModel.swift */ = {isa = PBXFileReference; lastKnownFileType = sourcecode.swift; path = UserRequestModel.swift; sourceTree = "<group>"; };
		3A7B88AA2AAA59A800A02EB3 /* NewsApp.app */ = {isa = PBXFileReference; explicitFileType = wrapper.application; includeInIndex = 0; path = NewsApp.app; sourceTree = BUILT_PRODUCTS_DIR; };
		3A7B88AD2AAA59A800A02EB3 /* AppDelegate.swift */ = {isa = PBXFileReference; lastKnownFileType = sourcecode.swift; path = AppDelegate.swift; sourceTree = "<group>"; };
		3A7B88AF2AAA59A800A02EB3 /* SceneDelegate.swift */ = {isa = PBXFileReference; lastKnownFileType = sourcecode.swift; path = SceneDelegate.swift; sourceTree = "<group>"; };
		3A7B88B62AAA59A800A02EB3 /* Assets.xcassets */ = {isa = PBXFileReference; lastKnownFileType = folder.assetcatalog; path = Assets.xcassets; sourceTree = "<group>"; };
		3A7B88B92AAA59A800A02EB3 /* Base */ = {isa = PBXFileReference; lastKnownFileType = file.storyboard; name = Base; path = Base.lproj/LaunchScreen.storyboard; sourceTree = "<group>"; };
		3A7B88BB2AAA59A800A02EB3 /* Info.plist */ = {isa = PBXFileReference; lastKnownFileType = text.plist.xml; path = Info.plist; sourceTree = "<group>"; };
		3A7B88C82AAA5A4100A02EB3 /* UIFontExtension.swift */ = {isa = PBXFileReference; lastKnownFileType = sourcecode.swift; path = UIFontExtension.swift; sourceTree = "<group>"; };
		3A7B88CA2AAA5A6A00A02EB3 /* NewYork.ttf */ = {isa = PBXFileReference; lastKnownFileType = file; path = NewYork.ttf; sourceTree = "<group>"; };
		3A7B88CC2AAA5ABA00A02EB3 /* TabBarController.swift */ = {isa = PBXFileReference; lastKnownFileType = sourcecode.swift; path = TabBarController.swift; sourceTree = "<group>"; };
		3A7B88CE2AAA5AD000A02EB3 /* NewsViewController.swift */ = {isa = PBXFileReference; lastKnownFileType = sourcecode.swift; path = NewsViewController.swift; sourceTree = "<group>"; };
		3A7B88D02AAA5AD700A02EB3 /* BookmarksViewController.swift */ = {isa = PBXFileReference; lastKnownFileType = sourcecode.swift; path = BookmarksViewController.swift; sourceTree = "<group>"; };
		3A7B88D22AAA5ADF00A02EB3 /* ProfileViewController.swift */ = {isa = PBXFileReference; lastKnownFileType = sourcecode.swift; path = ProfileViewController.swift; sourceTree = "<group>"; };
		3A958CB72ABB5A60006E1B29 /* BookmarksCollectionViewCell.swift */ = {isa = PBXFileReference; lastKnownFileType = sourcecode.swift; path = BookmarksCollectionViewCell.swift; sourceTree = "<group>"; };
		3A958CB92ABC93CF006E1B29 /* OnboardingViewController.swift */ = {isa = PBXFileReference; lastKnownFileType = sourcecode.swift; path = OnboardingViewController.swift; sourceTree = "<group>"; };
		3A958CC02ABC9B3B006E1B29 /* PageViewController.swift */ = {isa = PBXFileReference; lastKnownFileType = sourcecode.swift; path = PageViewController.swift; sourceTree = "<group>"; };
		3AA9E04C2AB8E6CA00096FBF /* NetworkLoader.swift */ = {isa = PBXFileReference; lastKnownFileType = sourcecode.swift; path = NetworkLoader.swift; sourceTree = "<group>"; };
		3AA9E04E2AB8E6E200096FBF /* NetworkLoaderProtocol.swift */ = {isa = PBXFileReference; lastKnownFileType = sourcecode.swift; path = NetworkLoaderProtocol.swift; sourceTree = "<group>"; };
		3AA9E0502AB8E70800096FBF /* URLSessionProtocol.swift */ = {isa = PBXFileReference; lastKnownFileType = sourcecode.swift; path = URLSessionProtocol.swift; sourceTree = "<group>"; };
		3AA9E0522AB8E72100096FBF /* NetworkLoaderProvider.swift */ = {isa = PBXFileReference; lastKnownFileType = sourcecode.swift; path = NetworkLoaderProvider.swift; sourceTree = "<group>"; };
		3AA9E0542AB8E74300096FBF /* BaseServiceProtocol.swift */ = {isa = PBXFileReference; lastKnownFileType = sourcecode.swift; path = BaseServiceProtocol.swift; sourceTree = "<group>"; };
		3AA9E0562AB8E79700096FBF /* HTTPStatus.swift */ = {isa = PBXFileReference; lastKnownFileType = sourcecode.swift; path = HTTPStatus.swift; sourceTree = "<group>"; };
		3AA9E0582AB8E7AC00096FBF /* RequestObject.swift */ = {isa = PBXFileReference; lastKnownFileType = sourcecode.swift; path = RequestObject.swift; sourceTree = "<group>"; };
		3AA9E05A2AB8E7CF00096FBF /* ErrorResponse.swift */ = {isa = PBXFileReference; lastKnownFileType = sourcecode.swift; path = ErrorResponse.swift; sourceTree = "<group>"; };
		3AA9E05C2AB8E7FD00096FBF /* NewsError.swift */ = {isa = PBXFileReference; lastKnownFileType = sourcecode.swift; path = NewsError.swift; sourceTree = "<group>"; };
		3AA9E05E2AB8E87200096FBF /* EncodableExtension.swift */ = {isa = PBXFileReference; lastKnownFileType = sourcecode.swift; path = EncodableExtension.swift; sourceTree = "<group>"; };
		3AA9E0672AB8EE1800096FBF /* NewsResponseModel.swift */ = {isa = PBXFileReference; lastKnownFileType = sourcecode.swift; path = NewsResponseModel.swift; sourceTree = "<group>"; };
		3AA9E0692AB8EE9000096FBF /* TopHeadlinesEndpoint.swift */ = {isa = PBXFileReference; lastKnownFileType = sourcecode.swift; path = TopHeadlinesEndpoint.swift; sourceTree = "<group>"; };
		3AA9E06B2AB8F13F00096FBF /* SearchService.swift */ = {isa = PBXFileReference; lastKnownFileType = sourcecode.swift; path = SearchService.swift; sourceTree = "<group>"; };
		3AA9E06D2AB8F1C800096FBF /* TopHeadlinesService.swift */ = {isa = PBXFileReference; lastKnownFileType = sourcecode.swift; path = TopHeadlinesService.swift; sourceTree = "<group>"; };
		3AA9E06F2AB8F53300096FBF /* DateFormatterExtension.swift */ = {isa = PBXFileReference; lastKnownFileType = sourcecode.swift; path = DateFormatterExtension.swift; sourceTree = "<group>"; };
		3AA9E0722AB910D800096FBF /* NewsView.swift */ = {isa = PBXFileReference; lastKnownFileType = sourcecode.swift; path = NewsView.swift; sourceTree = "<group>"; };
		3AA9E0742AB9F73800096FBF /* NewsViewModel.swift */ = {isa = PBXFileReference; lastKnownFileType = sourcecode.swift; path = NewsViewModel.swift; sourceTree = "<group>"; };
		3AA9E0762AB9F96800096FBF /* NewsCollectionViewCell.swift */ = {isa = PBXFileReference; lastKnownFileType = sourcecode.swift; path = NewsCollectionViewCell.swift; sourceTree = "<group>"; };
		3AA9E0792ABA1E4D00096FBF /* ImageManager.swift */ = {isa = PBXFileReference; lastKnownFileType = sourcecode.swift; path = ImageManager.swift; sourceTree = "<group>"; };
		3AA9E07D2ABA37F700096FBF /* NewsDetailView.swift */ = {isa = PBXFileReference; lastKnownFileType = sourcecode.swift; path = NewsDetailView.swift; sourceTree = "<group>"; };
		3AA9E07F2ABA38EB00096FBF /* NewsDetailViewModel.swift */ = {isa = PBXFileReference; lastKnownFileType = sourcecode.swift; path = NewsDetailViewModel.swift; sourceTree = "<group>"; };
		3AA9E0812ABA3B3400096FBF /* NewsDetailViewController.swift */ = {isa = PBXFileReference; lastKnownFileType = sourcecode.swift; path = NewsDetailViewController.swift; sourceTree = "<group>"; };
		3AA9E0852ABA532700096FBF /* BookmarksView.swift */ = {isa = PBXFileReference; lastKnownFileType = sourcecode.swift; path = BookmarksView.swift; sourceTree = "<group>"; };
		3AA9E0872ABA534200096FBF /* ProfileView.swift */ = {isa = PBXFileReference; lastKnownFileType = sourcecode.swift; path = ProfileView.swift; sourceTree = "<group>"; };
		3AA9E08B2ABA536C00096FBF /* BookmarksViewModel.swift */ = {isa = PBXFileReference; lastKnownFileType = sourcecode.swift; path = BookmarksViewModel.swift; sourceTree = "<group>"; };
		3AA9E08D2ABA537D00096FBF /* ProfileViewModel.swift */ = {isa = PBXFileReference; lastKnownFileType = sourcecode.swift; path = ProfileViewModel.swift; sourceTree = "<group>"; };
		3AA9E08F2ABA642200096FBF /* NewsDetailTableViewCell.swift */ = {isa = PBXFileReference; lastKnownFileType = sourcecode.swift; path = NewsDetailTableViewCell.swift; sourceTree = "<group>"; };
		3AC28FEE2AB4C180005CBDAB /* RegisterViewController.swift */ = {isa = PBXFileReference; lastKnownFileType = sourcecode.swift; path = RegisterViewController.swift; sourceTree = "<group>"; };
		3AC28FF12AB4CB07005CBDAB /* RegisterView.swift */ = {isa = PBXFileReference; lastKnownFileType = sourcecode.swift; path = RegisterView.swift; sourceTree = "<group>"; };
		3AC28FF32AB4CB18005CBDAB /* RegisterViewModel.swift */ = {isa = PBXFileReference; lastKnownFileType = sourcecode.swift; path = RegisterViewModel.swift; sourceTree = "<group>"; };
		3AC28FF62AB4D333005CBDAB /* Configuration.swift */ = {isa = PBXFileReference; lastKnownFileType = sourcecode.swift; path = Configuration.swift; sourceTree = "<group>"; };
		3AC28FF82AB4D33B005CBDAB /* ConfigurationProtocol.swift */ = {isa = PBXFileReference; lastKnownFileType = sourcecode.swift; path = ConfigurationProtocol.swift; sourceTree = "<group>"; };
		3AC28FFB2AB4D400005CBDAB /* TargetEndpointProtocol.swift */ = {isa = PBXFileReference; lastKnownFileType = sourcecode.swift; path = TargetEndpointProtocol.swift; sourceTree = "<group>"; };
		3AC28FFD2AB4D437005CBDAB /* BaseEndpoint.swift */ = {isa = PBXFileReference; lastKnownFileType = sourcecode.swift; path = BaseEndpoint.swift; sourceTree = "<group>"; };
		3AC28FFF2AB4D4D6005CBDAB /* SearchEndpoint.swift */ = {isa = PBXFileReference; lastKnownFileType = sourcecode.swift; path = SearchEndpoint.swift; sourceTree = "<group>"; };
/* End PBXFileReference section */

/* Begin PBXFrameworksBuildPhase section */
		3A7B88A72AAA59A800A02EB3 /* Frameworks */ = {
			isa = PBXFrameworksBuildPhase;
			buildActionMask = 2147483647;
			files = (
				3A6DBABD2AAF8A760015FCD7 /* FirebaseAuth in Frameworks */,
				3A6DBABF2AAF8A760015FCD7 /* FirebaseFirestore in Frameworks */,
				3A6DBAC12AAF8A760015FCD7 /* FirebaseStorage in Frameworks */,
			);
			runOnlyForDeploymentPostprocessing = 0;
		};
/* End PBXFrameworksBuildPhase section */

/* Begin PBXGroup section */
		3A6DBAC62AAF8D520015FCD7 /* RequestModels */ = {
			isa = PBXGroup;
			children = (
				3A6DBAD32AAFC3550015FCD7 /* UserRequestModel.swift */,
			);
			path = RequestModels;
			sourceTree = "<group>";
		};
		3A6DBAC92AAF8ED70015FCD7 /* WebServices */ = {
			isa = PBXGroup;
			children = (
				3A6DBAC42AAF8C3F0015FCD7 /* AuthService.swift */,
				3AA9E06B2AB8F13F00096FBF /* SearchService.swift */,
				3AA9E06D2AB8F1C800096FBF /* TopHeadlinesService.swift */,
			);
			path = WebServices;
			sourceTree = "<group>";
		};
		3A6DBAD02AAF9B9E0015FCD7 /* Login */ = {
			isa = PBXGroup;
			children = (
				3A6DBAD12AAFB1020015FCD7 /* LoginViewModel.swift */,
				3A6DBACE2AAF9B940015FCD7 /* LoginView.swift */,
			);
			path = Login;
			sourceTree = "<group>";
		};
		3A7B88A12AAA59A800A02EB3 = {
			isa = PBXGroup;
			children = (
				3A7B88AC2AAA59A800A02EB3 /* NewsApp */,
				3A7B88AB2AAA59A800A02EB3 /* Products */,
			);
			sourceTree = "<group>";
		};
		3A7B88AB2AAA59A800A02EB3 /* Products */ = {
			isa = PBXGroup;
			children = (
				3A7B88AA2AAA59A800A02EB3 /* NewsApp.app */,
			);
			name = Products;
			sourceTree = "<group>";
		};
		3A7B88AC2AAA59A800A02EB3 /* NewsApp */ = {
			isa = PBXGroup;
			children = (
				3AA9E0782ABA1E4200096FBF /* Managers */,
				3AC28FF52AB4D321005CBDAB /* Configs */,
				3A7B88C72AAA5A1500A02EB3 /* Network */,
				3A7B88C62AAA59FD00A02EB3 /* Controllers */,
				3A7B88C42AAA59EC00A02EB3 /* Views */,
				3A7B88C22AAA59E200A02EB3 /* Extensions */,
				3A7B88C12AAA59DD00A02EB3 /* Resources */,
				3A7B88BB2AAA59A800A02EB3 /* Info.plist */,
				3A6DBAB92AAF88790015FCD7 /* GoogleService-Info.plist */,
			);
			path = NewsApp;
			sourceTree = "<group>";
		};
		3A7B88C12AAA59DD00A02EB3 /* Resources */ = {
			isa = PBXGroup;
			children = (
				3A7B88CA2AAA5A6A00A02EB3 /* NewYork.ttf */,
				3A7B88AD2AAA59A800A02EB3 /* AppDelegate.swift */,
				3A7B88AF2AAA59A800A02EB3 /* SceneDelegate.swift */,
				3A7B88B62AAA59A800A02EB3 /* Assets.xcassets */,
				3A7B88B82AAA59A800A02EB3 /* LaunchScreen.storyboard */,
			);
			path = Resources;
			sourceTree = "<group>";
		};
		3A7B88C22AAA59E200A02EB3 /* Extensions */ = {
			isa = PBXGroup;
			children = (
				3A7B88C82AAA5A4100A02EB3 /* UIFontExtension.swift */,
				3AA9E05E2AB8E87200096FBF /* EncodableExtension.swift */,
				3AA9E06F2AB8F53300096FBF /* DateFormatterExtension.swift */,
			);
			path = Extensions;
			sourceTree = "<group>";
		};
		3A7B88C42AAA59EC00A02EB3 /* Views */ = {
			isa = PBXGroup;
			children = (
				3AA9E0842ABA3B7200096FBF /* Profile */,
				3AA9E0832ABA3B6C00096FBF /* Bookmarks */,
				3AA9E07C2ABA37EC00096FBF /* NewsDetail */,
				3AA9E0712AB910CD00096FBF /* News */,
				3AC28FF02AB4CAF7005CBDAB /* Register */,
				3A6DBAD02AAF9B9E0015FCD7 /* Login */,
			);
			path = Views;
			sourceTree = "<group>";
		};
		3A7B88C62AAA59FD00A02EB3 /* Controllers */ = {
			isa = PBXGroup;
			children = (
				3A958CBF2ABC960A006E1B29 /* Onboarding */,
				3A7B88CC2AAA5ABA00A02EB3 /* TabBarController.swift */,
				3A7B88CE2AAA5AD000A02EB3 /* NewsViewController.swift */,
				3A7B88D02AAA5AD700A02EB3 /* BookmarksViewController.swift */,
				3A7B88D22AAA5ADF00A02EB3 /* ProfileViewController.swift */,
				3A6DBACC2AAF958A0015FCD7 /* LoginViewController.swift */,
				3AC28FEE2AB4C180005CBDAB /* RegisterViewController.swift */,
				3AA9E0812ABA3B3400096FBF /* NewsDetailViewController.swift */,
			);
			path = Controllers;
			sourceTree = "<group>";
		};
		3A7B88C72AAA5A1500A02EB3 /* Network */ = {
			isa = PBXGroup;
			children = (
				3AA9E04B2AB8E67100096FBF /* Entities */,
				3AA9E04A2AB8E66D00096FBF /* Base */,
				3AC28FFA2AB4D3F5005CBDAB /* URLBuilder */,
				3AC28FED2AB39370005CBDAB /* Endpoints */,
				3A6DBAC92AAF8ED70015FCD7 /* WebServices */,
				3A6DBAC62AAF8D520015FCD7 /* RequestModels */,
				3AC28FEC2AB3935B005CBDAB /* ResponseModels */,
			);
			path = Network;
			sourceTree = "<group>";
		};
		3A958CBF2ABC960A006E1B29 /* Onboarding */ = {
			isa = PBXGroup;
			children = (
				3A958CB92ABC93CF006E1B29 /* OnboardingViewController.swift */,
				3A958CC02ABC9B3B006E1B29 /* PageViewController.swift */,
			);
			path = Onboarding;
			sourceTree = "<group>";
		};
		3AA9E04A2AB8E66D00096FBF /* Base */ = {
			isa = PBXGroup;
			children = (
				3AA9E04C2AB8E6CA00096FBF /* NetworkLoader.swift */,
				3AA9E04E2AB8E6E200096FBF /* NetworkLoaderProtocol.swift */,
				3AA9E0502AB8E70800096FBF /* URLSessionProtocol.swift */,
				3AA9E0522AB8E72100096FBF /* NetworkLoaderProvider.swift */,
				3AA9E0542AB8E74300096FBF /* BaseServiceProtocol.swift */,
			);
			path = Base;
			sourceTree = "<group>";
		};
		3AA9E04B2AB8E67100096FBF /* Entities */ = {
			isa = PBXGroup;
			children = (
				3AA9E0562AB8E79700096FBF /* HTTPStatus.swift */,
				3AA9E0582AB8E7AC00096FBF /* RequestObject.swift */,
				3AA9E05A2AB8E7CF00096FBF /* ErrorResponse.swift */,
				3AA9E05C2AB8E7FD00096FBF /* NewsError.swift */,
			);
			path = Entities;
			sourceTree = "<group>";
		};
		3AA9E0712AB910CD00096FBF /* News */ = {
			isa = PBXGroup;
			children = (
				3AA9E0722AB910D800096FBF /* NewsView.swift */,
				3AA9E0742AB9F73800096FBF /* NewsViewModel.swift */,
				3AA9E0762AB9F96800096FBF /* NewsCollectionViewCell.swift */,
			);
			path = News;
			sourceTree = "<group>";
		};
		3AA9E0782ABA1E4200096FBF /* Managers */ = {
			isa = PBXGroup;
			children = (
				3AA9E0792ABA1E4D00096FBF /* ImageManager.swift */,
			);
			path = Managers;
			sourceTree = "<group>";
		};
		3AA9E07C2ABA37EC00096FBF /* NewsDetail */ = {
			isa = PBXGroup;
			children = (
				3AA9E07D2ABA37F700096FBF /* NewsDetailView.swift */,
				3AA9E07F2ABA38EB00096FBF /* NewsDetailViewModel.swift */,
				3AA9E08F2ABA642200096FBF /* NewsDetailTableViewCell.swift */,
			);
			path = NewsDetail;
			sourceTree = "<group>";
		};
		3AA9E0832ABA3B6C00096FBF /* Bookmarks */ = {
			isa = PBXGroup;
			children = (
				3AA9E0852ABA532700096FBF /* BookmarksView.swift */,
				3AA9E08B2ABA536C00096FBF /* BookmarksViewModel.swift */,
				3A958CB72ABB5A60006E1B29 /* BookmarksCollectionViewCell.swift */,
			);
			path = Bookmarks;
			sourceTree = "<group>";
		};
		3AA9E0842ABA3B7200096FBF /* Profile */ = {
			isa = PBXGroup;
			children = (
				3AA9E0872ABA534200096FBF /* ProfileView.swift */,
				3AA9E08D2ABA537D00096FBF /* ProfileViewModel.swift */,
			);
			path = Profile;
			sourceTree = "<group>";
		};
		3AC28FEC2AB3935B005CBDAB /* ResponseModels */ = {
			isa = PBXGroup;
			children = (
				3AA9E0672AB8EE1800096FBF /* NewsResponseModel.swift */,
			);
			path = ResponseModels;
			sourceTree = "<group>";
		};
		3AC28FED2AB39370005CBDAB /* Endpoints */ = {
			isa = PBXGroup;
			children = (
				3AC28FFD2AB4D437005CBDAB /* BaseEndpoint.swift */,
				3AC28FFF2AB4D4D6005CBDAB /* SearchEndpoint.swift */,
				3AA9E0692AB8EE9000096FBF /* TopHeadlinesEndpoint.swift */,
			);
			path = Endpoints;
			sourceTree = "<group>";
		};
		3AC28FF02AB4CAF7005CBDAB /* Register */ = {
			isa = PBXGroup;
			children = (
				3AC28FF12AB4CB07005CBDAB /* RegisterView.swift */,
				3AC28FF32AB4CB18005CBDAB /* RegisterViewModel.swift */,
			);
			path = Register;
			sourceTree = "<group>";
		};
		3AC28FF52AB4D321005CBDAB /* Configs */ = {
			isa = PBXGroup;
			children = (
				3AC28FF62AB4D333005CBDAB /* Configuration.swift */,
				3AC28FF82AB4D33B005CBDAB /* ConfigurationProtocol.swift */,
			);
			path = Configs;
			sourceTree = "<group>";
		};
		3AC28FFA2AB4D3F5005CBDAB /* URLBuilder */ = {
			isa = PBXGroup;
			children = (
				3AC28FFB2AB4D400005CBDAB /* TargetEndpointProtocol.swift */,
			);
			path = URLBuilder;
			sourceTree = "<group>";
		};
/* End PBXGroup section */

/* Begin PBXNativeTarget section */
		3A7B88A92AAA59A800A02EB3 /* NewsApp */ = {
			isa = PBXNativeTarget;
			buildConfigurationList = 3A7B88BE2AAA59A800A02EB3 /* Build configuration list for PBXNativeTarget "NewsApp" */;
			buildPhases = (
				3A7B88A62AAA59A800A02EB3 /* Sources */,
				3A7B88A72AAA59A800A02EB3 /* Frameworks */,
				3A7B88A82AAA59A800A02EB3 /* Resources */,
			);
			buildRules = (
			);
			dependencies = (
			);
			name = NewsApp;
			packageProductDependencies = (
				3A6DBABC2AAF8A760015FCD7 /* FirebaseAuth */,
				3A6DBABE2AAF8A760015FCD7 /* FirebaseFirestore */,
				3A6DBAC02AAF8A760015FCD7 /* FirebaseStorage */,
			);
			productName = NewsApp;
			productReference = 3A7B88AA2AAA59A800A02EB3 /* NewsApp.app */;
			productType = "com.apple.product-type.application";
		};
/* End PBXNativeTarget section */

/* Begin PBXProject section */
		3A7B88A22AAA59A800A02EB3 /* Project object */ = {
			isa = PBXProject;
			attributes = {
				BuildIndependentTargetsInParallel = 1;
				LastSwiftUpdateCheck = 1430;
				LastUpgradeCheck = 1430;
				TargetAttributes = {
					3A7B88A92AAA59A800A02EB3 = {
						CreatedOnToolsVersion = 14.3.1;
					};
				};
			};
			buildConfigurationList = 3A7B88A52AAA59A800A02EB3 /* Build configuration list for PBXProject "NewsApp" */;
			compatibilityVersion = "Xcode 14.0";
			developmentRegion = en;
			hasScannedForEncodings = 0;
			knownRegions = (
				en,
				Base,
			);
			mainGroup = 3A7B88A12AAA59A800A02EB3;
			packageReferences = (
				3A6DBABB2AAF8A760015FCD7 /* XCRemoteSwiftPackageReference "firebase-ios-sdk" */,
			);
			productRefGroup = 3A7B88AB2AAA59A800A02EB3 /* Products */;
			projectDirPath = "";
			projectRoot = "";
			targets = (
				3A7B88A92AAA59A800A02EB3 /* NewsApp */,
			);
		};
/* End PBXProject section */

/* Begin PBXResourcesBuildPhase section */
		3A7B88A82AAA59A800A02EB3 /* Resources */ = {
			isa = PBXResourcesBuildPhase;
			buildActionMask = 2147483647;
			files = (
				3A7B88CB2AAA5A6A00A02EB3 /* NewYork.ttf in Resources */,
				3A6DBABA2AAF88790015FCD7 /* GoogleService-Info.plist in Resources */,
				3A7B88BA2AAA59A800A02EB3 /* LaunchScreen.storyboard in Resources */,
				3A7B88B72AAA59A800A02EB3 /* Assets.xcassets in Resources */,
			);
			runOnlyForDeploymentPostprocessing = 0;
		};
/* End PBXResourcesBuildPhase section */

/* Begin PBXSourcesBuildPhase section */
		3A7B88A62AAA59A800A02EB3 /* Sources */ = {
			isa = PBXSourcesBuildPhase;
			buildActionMask = 2147483647;
			files = (
				3A7B88D12AAA5AD700A02EB3 /* BookmarksViewController.swift in Sources */,
				3AC28FF42AB4CB18005CBDAB /* RegisterViewModel.swift in Sources */,
				3AA9E0702AB8F53300096FBF /* DateFormatterExtension.swift in Sources */,
				3AA9E0532AB8E72100096FBF /* NetworkLoaderProvider.swift in Sources */,
				3AA9E06C2AB8F13F00096FBF /* SearchService.swift in Sources */,
				3AC290002AB4D4D6005CBDAB /* SearchEndpoint.swift in Sources */,
				3AA9E04F2AB8E6E200096FBF /* NetworkLoaderProtocol.swift in Sources */,
				3A7B88AE2AAA59A800A02EB3 /* AppDelegate.swift in Sources */,
				3AC28FFC2AB4D400005CBDAB /* TargetEndpointProtocol.swift in Sources */,
				3A7B88CD2AAA5ABA00A02EB3 /* TabBarController.swift in Sources */,
				3AC28FF22AB4CB07005CBDAB /* RegisterView.swift in Sources */,
				3AA9E08C2ABA536C00096FBF /* BookmarksViewModel.swift in Sources */,
				3AA9E0752AB9F73800096FBF /* NewsViewModel.swift in Sources */,
				3AA9E07A2ABA1E4D00096FBF /* ImageManager.swift in Sources */,
				3AC28FFE2AB4D437005CBDAB /* BaseEndpoint.swift in Sources */,
				3AA9E05D2AB8E7FD00096FBF /* NewsError.swift in Sources */,
				3A7B88C92AAA5A4100A02EB3 /* UIFontExtension.swift in Sources */,
				3AC28FF72AB4D333005CBDAB /* Configuration.swift in Sources */,
				3AA9E05F2AB8E87200096FBF /* EncodableExtension.swift in Sources */,
				3AA9E0902ABA642200096FBF /* NewsDetailTableViewCell.swift in Sources */,
				3AA9E06E2AB8F1C800096FBF /* TopHeadlinesService.swift in Sources */,
				3A7B88D32AAA5ADF00A02EB3 /* ProfileViewController.swift in Sources */,
				3AA9E0882ABA534200096FBF /* ProfileView.swift in Sources */,
				3AA9E0682AB8EE1800096FBF /* NewsResponseModel.swift in Sources */,
				3A6DBAD42AAFC3550015FCD7 /* UserRequestModel.swift in Sources */,
				3A6DBACF2AAF9B940015FCD7 /* LoginView.swift in Sources */,
				3AA9E0732AB910D800096FBF /* NewsView.swift in Sources */,
				3AA9E0822ABA3B3400096FBF /* NewsDetailViewController.swift in Sources */,
				3AA9E0772AB9F96800096FBF /* NewsCollectionViewCell.swift in Sources */,
				3AA9E04D2AB8E6CA00096FBF /* NetworkLoader.swift in Sources */,
				3AA9E0802ABA38EB00096FBF /* NewsDetailViewModel.swift in Sources */,
				3AC28FF92AB4D33B005CBDAB /* ConfigurationProtocol.swift in Sources */,
				3A6DBAD22AAFB1020015FCD7 /* LoginViewModel.swift in Sources */,
				3A7B88CF2AAA5AD000A02EB3 /* NewsViewController.swift in Sources */,
				3AA9E06A2AB8EE9000096FBF /* TopHeadlinesEndpoint.swift in Sources */,
				3AA9E0512AB8E70800096FBF /* URLSessionProtocol.swift in Sources */,
				3A958CB82ABB5A60006E1B29 /* BookmarksCollectionViewCell.swift in Sources */,
				3AA9E0592AB8E7AC00096FBF /* RequestObject.swift in Sources */,
				3A7B88B02AAA59A800A02EB3 /* SceneDelegate.swift in Sources */,
				3A958CBA2ABC93CF006E1B29 /* OnboardingViewController.swift in Sources */,
				3AA9E0572AB8E79700096FBF /* HTTPStatus.swift in Sources */,
				3A958CC12ABC9B3B006E1B29 /* PageViewController.swift in Sources */,
				3AA9E08E2ABA537D00096FBF /* ProfileViewModel.swift in Sources */,
				3AA9E07E2ABA37F700096FBF /* NewsDetailView.swift in Sources */,
				3AC28FEF2AB4C180005CBDAB /* RegisterViewController.swift in Sources */,
				3A6DBAC52AAF8C3F0015FCD7 /* AuthService.swift in Sources */,
				3AA9E0552AB8E74300096FBF /* BaseServiceProtocol.swift in Sources */,
				3A6DBACD2AAF958A0015FCD7 /* LoginViewController.swift in Sources */,
				3AA9E05B2AB8E7CF00096FBF /* ErrorResponse.swift in Sources */,
				3AA9E0862ABA532700096FBF /* BookmarksView.swift in Sources */,
			);
			runOnlyForDeploymentPostprocessing = 0;
		};
/* End PBXSourcesBuildPhase section */

/* Begin PBXVariantGroup section */
		3A7B88B82AAA59A800A02EB3 /* LaunchScreen.storyboard */ = {
			isa = PBXVariantGroup;
			children = (
				3A7B88B92AAA59A800A02EB3 /* Base */,
			);
			name = LaunchScreen.storyboard;
			sourceTree = "<group>";
		};
/* End PBXVariantGroup section */

/* Begin XCBuildConfiguration section */
		3A7B88BC2AAA59A800A02EB3 /* Debug */ = {
			isa = XCBuildConfiguration;
			buildSettings = {
				ALWAYS_SEARCH_USER_PATHS = NO;
				CLANG_ANALYZER_NONNULL = YES;
				CLANG_ANALYZER_NUMBER_OBJECT_CONVERSION = YES_AGGRESSIVE;
				CLANG_CXX_LANGUAGE_STANDARD = "gnu++20";
				CLANG_ENABLE_MODULES = YES;
				CLANG_ENABLE_OBJC_ARC = YES;
				CLANG_ENABLE_OBJC_WEAK = YES;
				CLANG_WARN_BLOCK_CAPTURE_AUTORELEASING = YES;
				CLANG_WARN_BOOL_CONVERSION = YES;
				CLANG_WARN_COMMA = YES;
				CLANG_WARN_CONSTANT_CONVERSION = YES;
				CLANG_WARN_DEPRECATED_OBJC_IMPLEMENTATIONS = YES;
				CLANG_WARN_DIRECT_OBJC_ISA_USAGE = YES_ERROR;
				CLANG_WARN_DOCUMENTATION_COMMENTS = YES;
				CLANG_WARN_EMPTY_BODY = YES;
				CLANG_WARN_ENUM_CONVERSION = YES;
				CLANG_WARN_INFINITE_RECURSION = YES;
				CLANG_WARN_INT_CONVERSION = YES;
				CLANG_WARN_NON_LITERAL_NULL_CONVERSION = YES;
				CLANG_WARN_OBJC_IMPLICIT_RETAIN_SELF = YES;
				CLANG_WARN_OBJC_LITERAL_CONVERSION = YES;
				CLANG_WARN_OBJC_ROOT_CLASS = YES_ERROR;
				CLANG_WARN_QUOTED_INCLUDE_IN_FRAMEWORK_HEADER = YES;
				CLANG_WARN_RANGE_LOOP_ANALYSIS = YES;
				CLANG_WARN_STRICT_PROTOTYPES = YES;
				CLANG_WARN_SUSPICIOUS_MOVE = YES;
				CLANG_WARN_UNGUARDED_AVAILABILITY = YES_AGGRESSIVE;
				CLANG_WARN_UNREACHABLE_CODE = YES;
				CLANG_WARN__DUPLICATE_METHOD_MATCH = YES;
				COPY_PHASE_STRIP = NO;
				DEBUG_INFORMATION_FORMAT = dwarf;
				ENABLE_STRICT_OBJC_MSGSEND = YES;
				ENABLE_TESTABILITY = YES;
				GCC_C_LANGUAGE_STANDARD = gnu11;
				GCC_DYNAMIC_NO_PIC = NO;
				GCC_NO_COMMON_BLOCKS = YES;
				GCC_OPTIMIZATION_LEVEL = 0;
				GCC_PREPROCESSOR_DEFINITIONS = (
					"DEBUG=1",
					"$(inherited)",
				);
				GCC_WARN_64_TO_32_BIT_CONVERSION = YES;
				GCC_WARN_ABOUT_RETURN_TYPE = YES_ERROR;
				GCC_WARN_UNDECLARED_SELECTOR = YES;
				GCC_WARN_UNINITIALIZED_AUTOS = YES_AGGRESSIVE;
				GCC_WARN_UNUSED_FUNCTION = YES;
				GCC_WARN_UNUSED_VARIABLE = YES;
				IPHONEOS_DEPLOYMENT_TARGET = 16.4;
				MTL_ENABLE_DEBUG_INFO = INCLUDE_SOURCE;
				MTL_FAST_MATH = YES;
				ONLY_ACTIVE_ARCH = YES;
				SDKROOT = iphoneos;
				SWIFT_ACTIVE_COMPILATION_CONDITIONS = DEBUG;
				SWIFT_OPTIMIZATION_LEVEL = "-Onone";
			};
			name = Debug;
		};
		3A7B88BD2AAA59A800A02EB3 /* Release */ = {
			isa = XCBuildConfiguration;
			buildSettings = {
				ALWAYS_SEARCH_USER_PATHS = NO;
				CLANG_ANALYZER_NONNULL = YES;
				CLANG_ANALYZER_NUMBER_OBJECT_CONVERSION = YES_AGGRESSIVE;
				CLANG_CXX_LANGUAGE_STANDARD = "gnu++20";
				CLANG_ENABLE_MODULES = YES;
				CLANG_ENABLE_OBJC_ARC = YES;
				CLANG_ENABLE_OBJC_WEAK = YES;
				CLANG_WARN_BLOCK_CAPTURE_AUTORELEASING = YES;
				CLANG_WARN_BOOL_CONVERSION = YES;
				CLANG_WARN_COMMA = YES;
				CLANG_WARN_CONSTANT_CONVERSION = YES;
				CLANG_WARN_DEPRECATED_OBJC_IMPLEMENTATIONS = YES;
				CLANG_WARN_DIRECT_OBJC_ISA_USAGE = YES_ERROR;
				CLANG_WARN_DOCUMENTATION_COMMENTS = YES;
				CLANG_WARN_EMPTY_BODY = YES;
				CLANG_WARN_ENUM_CONVERSION = YES;
				CLANG_WARN_INFINITE_RECURSION = YES;
				CLANG_WARN_INT_CONVERSION = YES;
				CLANG_WARN_NON_LITERAL_NULL_CONVERSION = YES;
				CLANG_WARN_OBJC_IMPLICIT_RETAIN_SELF = YES;
				CLANG_WARN_OBJC_LITERAL_CONVERSION = YES;
				CLANG_WARN_OBJC_ROOT_CLASS = YES_ERROR;
				CLANG_WARN_QUOTED_INCLUDE_IN_FRAMEWORK_HEADER = YES;
				CLANG_WARN_RANGE_LOOP_ANALYSIS = YES;
				CLANG_WARN_STRICT_PROTOTYPES = YES;
				CLANG_WARN_SUSPICIOUS_MOVE = YES;
				CLANG_WARN_UNGUARDED_AVAILABILITY = YES_AGGRESSIVE;
				CLANG_WARN_UNREACHABLE_CODE = YES;
				CLANG_WARN__DUPLICATE_METHOD_MATCH = YES;
				COPY_PHASE_STRIP = NO;
				DEBUG_INFORMATION_FORMAT = "dwarf-with-dsym";
				ENABLE_NS_ASSERTIONS = NO;
				ENABLE_STRICT_OBJC_MSGSEND = YES;
				GCC_C_LANGUAGE_STANDARD = gnu11;
				GCC_NO_COMMON_BLOCKS = YES;
				GCC_WARN_64_TO_32_BIT_CONVERSION = YES;
				GCC_WARN_ABOUT_RETURN_TYPE = YES_ERROR;
				GCC_WARN_UNDECLARED_SELECTOR = YES;
				GCC_WARN_UNINITIALIZED_AUTOS = YES_AGGRESSIVE;
				GCC_WARN_UNUSED_FUNCTION = YES;
				GCC_WARN_UNUSED_VARIABLE = YES;
				IPHONEOS_DEPLOYMENT_TARGET = 16.4;
				MTL_ENABLE_DEBUG_INFO = NO;
				MTL_FAST_MATH = YES;
				SDKROOT = iphoneos;
				SWIFT_COMPILATION_MODE = wholemodule;
				SWIFT_OPTIMIZATION_LEVEL = "-O";
				VALIDATE_PRODUCT = YES;
			};
			name = Release;
		};
		3A7B88BF2AAA59A800A02EB3 /* Debug */ = {
			isa = XCBuildConfiguration;
			buildSettings = {
				ASSETCATALOG_COMPILER_APPICON_NAME = AppIcon;
				ASSETCATALOG_COMPILER_GLOBAL_ACCENT_COLOR_NAME = AccentColor;
				CODE_SIGN_STYLE = Automatic;
				CURRENT_PROJECT_VERSION = 1;
				DEVELOPMENT_TEAM = 6GB2DUG9QB;
				GENERATE_INFOPLIST_FILE = YES;
				INFOPLIST_FILE = NewsApp/Info.plist;
				INFOPLIST_KEY_UIApplicationSupportsIndirectInputEvents = YES;
				INFOPLIST_KEY_UILaunchStoryboardName = LaunchScreen;
				INFOPLIST_KEY_UISupportedInterfaceOrientations_iPad = "UIInterfaceOrientationPortrait UIInterfaceOrientationPortraitUpsideDown UIInterfaceOrientationLandscapeLeft UIInterfaceOrientationLandscapeRight";
				INFOPLIST_KEY_UISupportedInterfaceOrientations_iPhone = "UIInterfaceOrientationPortrait UIInterfaceOrientationLandscapeLeft UIInterfaceOrientationLandscapeRight";
				LD_RUNPATH_SEARCH_PATHS = (
					"$(inherited)",
					"@executable_path/Frameworks",
				);
				MARKETING_VERSION = 1.0;
				PRODUCT_BUNDLE_IDENTIFIER = me.ilgin.NewsApp;
				PRODUCT_NAME = "$(TARGET_NAME)";
				SWIFT_EMIT_LOC_STRINGS = YES;
				SWIFT_VERSION = 5.0;
				TARGETED_DEVICE_FAMILY = "1,2";
			};
			name = Debug;
		};
		3A7B88C02AAA59A800A02EB3 /* Release */ = {
			isa = XCBuildConfiguration;
			buildSettings = {
				ASSETCATALOG_COMPILER_APPICON_NAME = AppIcon;
				ASSETCATALOG_COMPILER_GLOBAL_ACCENT_COLOR_NAME = AccentColor;
				CODE_SIGN_STYLE = Automatic;
				CURRENT_PROJECT_VERSION = 1;
				DEVELOPMENT_TEAM = 6GB2DUG9QB;
				GENERATE_INFOPLIST_FILE = YES;
				INFOPLIST_FILE = NewsApp/Info.plist;
				INFOPLIST_KEY_UIApplicationSupportsIndirectInputEvents = YES;
				INFOPLIST_KEY_UILaunchStoryboardName = LaunchScreen;
				INFOPLIST_KEY_UISupportedInterfaceOrientations_iPad = "UIInterfaceOrientationPortrait UIInterfaceOrientationPortraitUpsideDown UIInterfaceOrientationLandscapeLeft UIInterfaceOrientationLandscapeRight";
				INFOPLIST_KEY_UISupportedInterfaceOrientations_iPhone = "UIInterfaceOrientationPortrait UIInterfaceOrientationLandscapeLeft UIInterfaceOrientationLandscapeRight";
				LD_RUNPATH_SEARCH_PATHS = (
					"$(inherited)",
					"@executable_path/Frameworks",
				);
				MARKETING_VERSION = 1.0;
				PRODUCT_BUNDLE_IDENTIFIER = me.ilgin.NewsApp;
				PRODUCT_NAME = "$(TARGET_NAME)";
				SWIFT_EMIT_LOC_STRINGS = YES;
				SWIFT_VERSION = 5.0;
				TARGETED_DEVICE_FAMILY = "1,2";
			};
			name = Release;
		};
/* End XCBuildConfiguration section */

/* Begin XCConfigurationList section */
		3A7B88A52AAA59A800A02EB3 /* Build configuration list for PBXProject "NewsApp" */ = {
			isa = XCConfigurationList;
			buildConfigurations = (
				3A7B88BC2AAA59A800A02EB3 /* Debug */,
				3A7B88BD2AAA59A800A02EB3 /* Release */,
			);
			defaultConfigurationIsVisible = 0;
			defaultConfigurationName = Release;
		};
		3A7B88BE2AAA59A800A02EB3 /* Build configuration list for PBXNativeTarget "NewsApp" */ = {
			isa = XCConfigurationList;
			buildConfigurations = (
				3A7B88BF2AAA59A800A02EB3 /* Debug */,
				3A7B88C02AAA59A800A02EB3 /* Release */,
			);
			defaultConfigurationIsVisible = 0;
			defaultConfigurationName = Release;
		};
/* End XCConfigurationList section */

/* Begin XCRemoteSwiftPackageReference section */
		3A6DBABB2AAF8A760015FCD7 /* XCRemoteSwiftPackageReference "firebase-ios-sdk" */ = {
			isa = XCRemoteSwiftPackageReference;
			repositoryURL = "https://github.com/firebase/firebase-ios-sdk";
			requirement = {
				kind = upToNextMajorVersion;
				minimumVersion = 10.0.0;
			};
		};
/* End XCRemoteSwiftPackageReference section */

/* Begin XCSwiftPackageProductDependency section */
		3A6DBABC2AAF8A760015FCD7 /* FirebaseAuth */ = {
			isa = XCSwiftPackageProductDependency;
			package = 3A6DBABB2AAF8A760015FCD7 /* XCRemoteSwiftPackageReference "firebase-ios-sdk" */;
			productName = FirebaseAuth;
		};
		3A6DBABE2AAF8A760015FCD7 /* FirebaseFirestore */ = {
			isa = XCSwiftPackageProductDependency;
			package = 3A6DBABB2AAF8A760015FCD7 /* XCRemoteSwiftPackageReference "firebase-ios-sdk" */;
			productName = FirebaseFirestore;
		};
		3A6DBAC02AAF8A760015FCD7 /* FirebaseStorage */ = {
			isa = XCSwiftPackageProductDependency;
			package = 3A6DBABB2AAF8A760015FCD7 /* XCRemoteSwiftPackageReference "firebase-ios-sdk" */;
			productName = FirebaseStorage;
		};
/* End XCSwiftPackageProductDependency section */
	};
	rootObject = 3A7B88A22AAA59A800A02EB3 /* Project object */;
}
